// !$*UTF8*$!
{
	archiveVersion = 1;
	classes = {
	};
	objectVersion = 50;
	objects = {

/* Begin PBXBuildFile section */
		CE0B6C0026BBC92100165651 /* AppDelegate.swift in Sources */ = {isa = PBXBuildFile; fileRef = CE0B6BFF26BBC92100165651 /* AppDelegate.swift */; };
		CE0B6C0226BBC92100165651 /* SceneDelegate.swift in Sources */ = {isa = PBXBuildFile; fileRef = CE0B6C0126BBC92100165651 /* SceneDelegate.swift */; };
		CE0B6C0426BBC92100165651 /* ViewController.swift in Sources */ = {isa = PBXBuildFile; fileRef = CE0B6C0326BBC92100165651 /* ViewController.swift */; };
		CE0B6C0726BBC92100165651 /* Main.storyboard in Resources */ = {isa = PBXBuildFile; fileRef = CE0B6C0526BBC92100165651 /* Main.storyboard */; };
		CE0B6C0A26BBC92100165651 /* FastlaneTemplate.xcdatamodeld in Sources */ = {isa = PBXBuildFile; fileRef = CE0B6C0826BBC92100165651 /* FastlaneTemplate.xcdatamodeld */; };
		CE0B6C0C26BBC92200165651 /* Assets.xcassets in Resources */ = {isa = PBXBuildFile; fileRef = CE0B6C0B26BBC92200165651 /* Assets.xcassets */; };
		CE0B6C0F26BBC92200165651 /* LaunchScreen.storyboard in Resources */ = {isa = PBXBuildFile; fileRef = CE0B6C0D26BBC92200165651 /* LaunchScreen.storyboard */; };
		CE0B6C1A26BBC92200165651 /* FastlaneTemplateTests.swift in Sources */ = {isa = PBXBuildFile; fileRef = CE0B6C1926BBC92200165651 /* FastlaneTemplateTests.swift */; };
		CE0B6C2526BBC92300165651 /* FastlaneTemplateUITests.swift in Sources */ = {isa = PBXBuildFile; fileRef = CE0B6C2426BBC92300165651 /* FastlaneTemplateUITests.swift */; };
/* End PBXBuildFile section */

/* Begin PBXContainerItemProxy section */
		CE0B6C1626BBC92200165651 /* PBXContainerItemProxy */ = {
			isa = PBXContainerItemProxy;
			containerPortal = CE0B6BF426BBC92100165651 /* Project object */;
			proxyType = 1;
			remoteGlobalIDString = CE0B6BFB26BBC92100165651;
			remoteInfo = FastlaneTemplate;
		};
		CE0B6C2126BBC92300165651 /* PBXContainerItemProxy */ = {
			isa = PBXContainerItemProxy;
			containerPortal = CE0B6BF426BBC92100165651 /* Project object */;
			proxyType = 1;
			remoteGlobalIDString = CE0B6BFB26BBC92100165651;
			remoteInfo = FastlaneTemplate;
		};
/* End PBXContainerItemProxy section */

/* Begin PBXFileReference section */
		CE0B6BFC26BBC92100165651 /* FastlaneTemplate.app */ = {isa = PBXFileReference; explicitFileType = wrapper.application; includeInIndex = 0; path = FastlaneTemplate.app; sourceTree = BUILT_PRODUCTS_DIR; };
		CE0B6BFF26BBC92100165651 /* AppDelegate.swift */ = {isa = PBXFileReference; lastKnownFileType = sourcecode.swift; path = AppDelegate.swift; sourceTree = "<group>"; };
		CE0B6C0126BBC92100165651 /* SceneDelegate.swift */ = {isa = PBXFileReference; lastKnownFileType = sourcecode.swift; path = SceneDelegate.swift; sourceTree = "<group>"; };
		CE0B6C0326BBC92100165651 /* ViewController.swift */ = {isa = PBXFileReference; lastKnownFileType = sourcecode.swift; path = ViewController.swift; sourceTree = "<group>"; };
		CE0B6C0626BBC92100165651 /* Base */ = {isa = PBXFileReference; lastKnownFileType = file.storyboard; name = Base; path = Base.lproj/Main.storyboard; sourceTree = "<group>"; };
		CE0B6C0926BBC92100165651 /* FastlaneTemplate.xcdatamodel */ = {isa = PBXFileReference; lastKnownFileType = wrapper.xcdatamodel; path = FastlaneTemplate.xcdatamodel; sourceTree = "<group>"; };
		CE0B6C0B26BBC92200165651 /* Assets.xcassets */ = {isa = PBXFileReference; lastKnownFileType = folder.assetcatalog; path = Assets.xcassets; sourceTree = "<group>"; };
		CE0B6C0E26BBC92200165651 /* Base */ = {isa = PBXFileReference; lastKnownFileType = file.storyboard; name = Base; path = Base.lproj/LaunchScreen.storyboard; sourceTree = "<group>"; };
		CE0B6C1026BBC92200165651 /* Info.plist */ = {isa = PBXFileReference; lastKnownFileType = text.plist.xml; path = Info.plist; sourceTree = "<group>"; };
		CE0B6C1526BBC92200165651 /* FastlaneTemplateTests.xctest */ = {isa = PBXFileReference; explicitFileType = wrapper.cfbundle; includeInIndex = 0; path = FastlaneTemplateTests.xctest; sourceTree = BUILT_PRODUCTS_DIR; };
		CE0B6C1926BBC92200165651 /* FastlaneTemplateTests.swift */ = {isa = PBXFileReference; lastKnownFileType = sourcecode.swift; path = FastlaneTemplateTests.swift; sourceTree = "<group>"; };
		CE0B6C1B26BBC92200165651 /* Info.plist */ = {isa = PBXFileReference; lastKnownFileType = text.plist.xml; path = Info.plist; sourceTree = "<group>"; };
		CE0B6C2026BBC92300165651 /* FastlaneTemplateUITests.xctest */ = {isa = PBXFileReference; explicitFileType = wrapper.cfbundle; includeInIndex = 0; path = FastlaneTemplateUITests.xctest; sourceTree = BUILT_PRODUCTS_DIR; };
		CE0B6C2426BBC92300165651 /* FastlaneTemplateUITests.swift */ = {isa = PBXFileReference; lastKnownFileType = sourcecode.swift; path = FastlaneTemplateUITests.swift; sourceTree = "<group>"; };
		CE0B6C2626BBC92300165651 /* Info.plist */ = {isa = PBXFileReference; lastKnownFileType = text.plist.xml; path = Info.plist; sourceTree = "<group>"; };
/* End PBXFileReference section */

/* Begin PBXFrameworksBuildPhase section */
		CE0B6BF926BBC92100165651 /* Frameworks */ = {
			isa = PBXFrameworksBuildPhase;
			buildActionMask = 2147483647;
			files = (
			);
			runOnlyForDeploymentPostprocessing = 0;
		};
		CE0B6C1226BBC92200165651 /* Frameworks */ = {
			isa = PBXFrameworksBuildPhase;
			buildActionMask = 2147483647;
			files = (
			);
			runOnlyForDeploymentPostprocessing = 0;
		};
		CE0B6C1D26BBC92300165651 /* Frameworks */ = {
			isa = PBXFrameworksBuildPhase;
			buildActionMask = 2147483647;
			files = (
			);
			runOnlyForDeploymentPostprocessing = 0;
		};
/* End PBXFrameworksBuildPhase section */

/* Begin PBXGroup section */
		CE0B6BF326BBC92100165651 = {
			isa = PBXGroup;
			children = (
				CE0B6BFE26BBC92100165651 /* FastlaneTemplate */,
				CE0B6C1826BBC92200165651 /* FastlaneTemplateTests */,
				CE0B6C2326BBC92300165651 /* FastlaneTemplateUITests */,
				CE0B6BFD26BBC92100165651 /* Products */,
			);
			sourceTree = "<group>";
		};
		CE0B6BFD26BBC92100165651 /* Products */ = {
			isa = PBXGroup;
			children = (
				CE0B6BFC26BBC92100165651 /* FastlaneTemplate.app */,
				CE0B6C1526BBC92200165651 /* FastlaneTemplateTests.xctest */,
				CE0B6C2026BBC92300165651 /* FastlaneTemplateUITests.xctest */,
			);
			name = Products;
			sourceTree = "<group>";
		};
		CE0B6BFE26BBC92100165651 /* FastlaneTemplate */ = {
			isa = PBXGroup;
			children = (
				CE0B6BFF26BBC92100165651 /* AppDelegate.swift */,
				CE0B6C0126BBC92100165651 /* SceneDelegate.swift */,
				CE0B6C0326BBC92100165651 /* ViewController.swift */,
				CE0B6C0526BBC92100165651 /* Main.storyboard */,
				CE0B6C0B26BBC92200165651 /* Assets.xcassets */,
				CE0B6C0D26BBC92200165651 /* LaunchScreen.storyboard */,
				CE0B6C1026BBC92200165651 /* Info.plist */,
				CE0B6C0826BBC92100165651 /* FastlaneTemplate.xcdatamodeld */,
			);
			path = FastlaneTemplate;
			sourceTree = "<group>";
		};
		CE0B6C1826BBC92200165651 /* FastlaneTemplateTests */ = {
			isa = PBXGroup;
			children = (
				CE0B6C1926BBC92200165651 /* FastlaneTemplateTests.swift */,
				CE0B6C1B26BBC92200165651 /* Info.plist */,
			);
			path = FastlaneTemplateTests;
			sourceTree = "<group>";
		};
		CE0B6C2326BBC92300165651 /* FastlaneTemplateUITests */ = {
			isa = PBXGroup;
			children = (
				CE0B6C2426BBC92300165651 /* FastlaneTemplateUITests.swift */,
				CE0B6C2626BBC92300165651 /* Info.plist */,
			);
			path = FastlaneTemplateUITests;
			sourceTree = "<group>";
		};
/* End PBXGroup section */

/* Begin PBXNativeTarget section */
		CE0B6BFB26BBC92100165651 /* FastlaneTemplate */ = {
			isa = PBXNativeTarget;
			buildConfigurationList = CE0B6C2926BBC92300165651 /* Build configuration list for PBXNativeTarget "FastlaneTemplate" */;
			buildPhases = (
				CE0B6BF826BBC92100165651 /* Sources */,
				CE0B6BF926BBC92100165651 /* Frameworks */,
				CE0B6BFA26BBC92100165651 /* Resources */,
			);
			buildRules = (
			);
			dependencies = (
			);
			name = FastlaneTemplate;
			productName = FastlaneTemplate;
			productReference = CE0B6BFC26BBC92100165651 /* FastlaneTemplate.app */;
			productType = "com.apple.product-type.application";
		};
		CE0B6C1426BBC92200165651 /* FastlaneTemplateTests */ = {
			isa = PBXNativeTarget;
			buildConfigurationList = CE0B6C2C26BBC92300165651 /* Build configuration list for PBXNativeTarget "FastlaneTemplateTests" */;
			buildPhases = (
				CE0B6C1126BBC92200165651 /* Sources */,
				CE0B6C1226BBC92200165651 /* Frameworks */,
				CE0B6C1326BBC92200165651 /* Resources */,
			);
			buildRules = (
			);
			dependencies = (
				CE0B6C1726BBC92200165651 /* PBXTargetDependency */,
			);
			name = FastlaneTemplateTests;
			productName = FastlaneTemplateTests;
			productReference = CE0B6C1526BBC92200165651 /* FastlaneTemplateTests.xctest */;
			productType = "com.apple.product-type.bundle.unit-test";
		};
		CE0B6C1F26BBC92300165651 /* FastlaneTemplateUITests */ = {
			isa = PBXNativeTarget;
			buildConfigurationList = CE0B6C2F26BBC92300165651 /* Build configuration list for PBXNativeTarget "FastlaneTemplateUITests" */;
			buildPhases = (
				CE0B6C1C26BBC92300165651 /* Sources */,
				CE0B6C1D26BBC92300165651 /* Frameworks */,
				CE0B6C1E26BBC92300165651 /* Resources */,
			);
			buildRules = (
			);
			dependencies = (
				CE0B6C2226BBC92300165651 /* PBXTargetDependency */,
			);
			name = FastlaneTemplateUITests;
			productName = FastlaneTemplateUITests;
			productReference = CE0B6C2026BBC92300165651 /* FastlaneTemplateUITests.xctest */;
			productType = "com.apple.product-type.bundle.ui-testing";
		};
/* End PBXNativeTarget section */

/* Begin PBXProject section */
		CE0B6BF426BBC92100165651 /* Project object */ = {
			isa = PBXProject;
			attributes = {
				LastSwiftUpdateCheck = 1240;
				LastUpgradeCheck = 1240;
				TargetAttributes = {
					CE0B6BFB26BBC92100165651 = {
						CreatedOnToolsVersion = 12.4;
					};
					CE0B6C1426BBC92200165651 = {
						CreatedOnToolsVersion = 12.4;
						TestTargetID = CE0B6BFB26BBC92100165651;
					};
					CE0B6C1F26BBC92300165651 = {
						CreatedOnToolsVersion = 12.4;
						TestTargetID = CE0B6BFB26BBC92100165651;
					};
				};
			};
			buildConfigurationList = CE0B6BF726BBC92100165651 /* Build configuration list for PBXProject "FastlaneTemplate" */;
			compatibilityVersion = "Xcode 9.3";
			developmentRegion = en;
			hasScannedForEncodings = 0;
			knownRegions = (
				en,
				Base,
			);
			mainGroup = CE0B6BF326BBC92100165651;
			productRefGroup = CE0B6BFD26BBC92100165651 /* Products */;
			projectDirPath = "";
			projectRoot = "";
			targets = (
				CE0B6BFB26BBC92100165651 /* FastlaneTemplate */,
				CE0B6C1426BBC92200165651 /* FastlaneTemplateTests */,
				CE0B6C1F26BBC92300165651 /* FastlaneTemplateUITests */,
			);
		};
/* End PBXProject section */

/* Begin PBXResourcesBuildPhase section */
		CE0B6BFA26BBC92100165651 /* Resources */ = {
			isa = PBXResourcesBuildPhase;
			buildActionMask = 2147483647;
			files = (
				CE0B6C0F26BBC92200165651 /* LaunchScreen.storyboard in Resources */,
				CE0B6C0C26BBC92200165651 /* Assets.xcassets in Resources */,
				CE0B6C0726BBC92100165651 /* Main.storyboard in Resources */,
			);
			runOnlyForDeploymentPostprocessing = 0;
		};
		CE0B6C1326BBC92200165651 /* Resources */ = {
			isa = PBXResourcesBuildPhase;
			buildActionMask = 2147483647;
			files = (
			);
			runOnlyForDeploymentPostprocessing = 0;
		};
		CE0B6C1E26BBC92300165651 /* Resources */ = {
			isa = PBXResourcesBuildPhase;
			buildActionMask = 2147483647;
			files = (
			);
			runOnlyForDeploymentPostprocessing = 0;
		};
/* End PBXResourcesBuildPhase section */

/* Begin PBXSourcesBuildPhase section */
		CE0B6BF826BBC92100165651 /* Sources */ = {
			isa = PBXSourcesBuildPhase;
			buildActionMask = 2147483647;
			files = (
				CE0B6C0426BBC92100165651 /* ViewController.swift in Sources */,
				CE0B6C0026BBC92100165651 /* AppDelegate.swift in Sources */,
				CE0B6C0226BBC92100165651 /* SceneDelegate.swift in Sources */,
				CE0B6C0A26BBC92100165651 /* FastlaneTemplate.xcdatamodeld in Sources */,
			);
			runOnlyForDeploymentPostprocessing = 0;
		};
		CE0B6C1126BBC92200165651 /* Sources */ = {
			isa = PBXSourcesBuildPhase;
			buildActionMask = 2147483647;
			files = (
				CE0B6C1A26BBC92200165651 /* FastlaneTemplateTests.swift in Sources */,
			);
			runOnlyForDeploymentPostprocessing = 0;
		};
		CE0B6C1C26BBC92300165651 /* Sources */ = {
			isa = PBXSourcesBuildPhase;
			buildActionMask = 2147483647;
			files = (
				CE0B6C2526BBC92300165651 /* FastlaneTemplateUITests.swift in Sources */,
			);
			runOnlyForDeploymentPostprocessing = 0;
		};
/* End PBXSourcesBuildPhase section */

/* Begin PBXTargetDependency section */
		CE0B6C1726BBC92200165651 /* PBXTargetDependency */ = {
			isa = PBXTargetDependency;
			target = CE0B6BFB26BBC92100165651 /* FastlaneTemplate */;
			targetProxy = CE0B6C1626BBC92200165651 /* PBXContainerItemProxy */;
		};
		CE0B6C2226BBC92300165651 /* PBXTargetDependency */ = {
			isa = PBXTargetDependency;
			target = CE0B6BFB26BBC92100165651 /* FastlaneTemplate */;
			targetProxy = CE0B6C2126BBC92300165651 /* PBXContainerItemProxy */;
		};
/* End PBXTargetDependency section */

/* Begin PBXVariantGroup section */
		CE0B6C0526BBC92100165651 /* Main.storyboard */ = {
			isa = PBXVariantGroup;
			children = (
				CE0B6C0626BBC92100165651 /* Base */,
			);
			name = Main.storyboard;
			sourceTree = "<group>";
		};
		CE0B6C0D26BBC92200165651 /* LaunchScreen.storyboard */ = {
			isa = PBXVariantGroup;
			children = (
				CE0B6C0E26BBC92200165651 /* Base */,
			);
			name = LaunchScreen.storyboard;
			sourceTree = "<group>";
		};
/* End PBXVariantGroup section */

/* Begin XCBuildConfiguration section */
		CE0B6C2726BBC92300165651 /* Debug */ = {
			isa = XCBuildConfiguration;
			buildSettings = {
				ALWAYS_SEARCH_USER_PATHS = NO;
				CLANG_ANALYZER_NONNULL = YES;
				CLANG_ANALYZER_NUMBER_OBJECT_CONVERSION = YES_AGGRESSIVE;
				CLANG_CXX_LANGUAGE_STANDARD = "gnu++14";
				CLANG_CXX_LIBRARY = "libc++";
				CLANG_ENABLE_MODULES = YES;
				CLANG_ENABLE_OBJC_ARC = YES;
				CLANG_ENABLE_OBJC_WEAK = YES;
				CLANG_WARN_BLOCK_CAPTURE_AUTORELEASING = YES;
				CLANG_WARN_BOOL_CONVERSION = YES;
				CLANG_WARN_COMMA = YES;
				CLANG_WARN_CONSTANT_CONVERSION = YES;
				CLANG_WARN_DEPRECATED_OBJC_IMPLEMENTATIONS = YES;
				CLANG_WARN_DIRECT_OBJC_ISA_USAGE = YES_ERROR;
				CLANG_WARN_DOCUMENTATION_COMMENTS = YES;
				CLANG_WARN_EMPTY_BODY = YES;
				CLANG_WARN_ENUM_CONVERSION = YES;
				CLANG_WARN_INFINITE_RECURSION = YES;
				CLANG_WARN_INT_CONVERSION = YES;
				CLANG_WARN_NON_LITERAL_NULL_CONVERSION = YES;
				CLANG_WARN_OBJC_IMPLICIT_RETAIN_SELF = YES;
				CLANG_WARN_OBJC_LITERAL_CONVERSION = YES;
				CLANG_WARN_OBJC_ROOT_CLASS = YES_ERROR;
				CLANG_WARN_QUOTED_INCLUDE_IN_FRAMEWORK_HEADER = YES;
				CLANG_WARN_RANGE_LOOP_ANALYSIS = YES;
				CLANG_WARN_STRICT_PROTOTYPES = YES;
				CLANG_WARN_SUSPICIOUS_MOVE = YES;
				CLANG_WARN_UNGUARDED_AVAILABILITY = YES_AGGRESSIVE;
				CLANG_WARN_UNREACHABLE_CODE = YES;
				CLANG_WARN__DUPLICATE_METHOD_MATCH = YES;
				COPY_PHASE_STRIP = NO;
				DEBUG_INFORMATION_FORMAT = dwarf;
				ENABLE_STRICT_OBJC_MSGSEND = YES;
				ENABLE_TESTABILITY = YES;
				GCC_C_LANGUAGE_STANDARD = gnu11;
				GCC_DYNAMIC_NO_PIC = NO;
				GCC_NO_COMMON_BLOCKS = YES;
				GCC_OPTIMIZATION_LEVEL = 0;
				GCC_PREPROCESSOR_DEFINITIONS = (
					"DEBUG=1",
					"$(inherited)",
				);
				GCC_WARN_64_TO_32_BIT_CONVERSION = YES;
				GCC_WARN_ABOUT_RETURN_TYPE = YES_ERROR;
				GCC_WARN_UNDECLARED_SELECTOR = YES;
				GCC_WARN_UNINITIALIZED_AUTOS = YES_AGGRESSIVE;
				GCC_WARN_UNUSED_FUNCTION = YES;
				GCC_WARN_UNUSED_VARIABLE = YES;
				IPHONEOS_DEPLOYMENT_TARGET = 14.4;
				MTL_ENABLE_DEBUG_INFO = INCLUDE_SOURCE;
				MTL_FAST_MATH = YES;
				ONLY_ACTIVE_ARCH = YES;
				SDKROOT = iphoneos;
				SWIFT_ACTIVE_COMPILATION_CONDITIONS = DEBUG;
				SWIFT_OPTIMIZATION_LEVEL = "-Onone";
			};
			name = Debug;
		};
		CE0B6C2826BBC92300165651 /* Release */ = {
			isa = XCBuildConfiguration;
			buildSettings = {
				ALWAYS_SEARCH_USER_PATHS = NO;
				CLANG_ANALYZER_NONNULL = YES;
				CLANG_ANALYZER_NUMBER_OBJECT_CONVERSION = YES_AGGRESSIVE;
				CLANG_CXX_LANGUAGE_STANDARD = "gnu++14";
				CLANG_CXX_LIBRARY = "libc++";
				CLANG_ENABLE_MODULES = YES;
				CLANG_ENABLE_OBJC_ARC = YES;
				CLANG_ENABLE_OBJC_WEAK = YES;
				CLANG_WARN_BLOCK_CAPTURE_AUTORELEASING = YES;
				CLANG_WARN_BOOL_CONVERSION = YES;
				CLANG_WARN_COMMA = YES;
				CLANG_WARN_CONSTANT_CONVERSION = YES;
				CLANG_WARN_DEPRECATED_OBJC_IMPLEMENTATIONS = YES;
				CLANG_WARN_DIRECT_OBJC_ISA_USAGE = YES_ERROR;
				CLANG_WARN_DOCUMENTATION_COMMENTS = YES;
				CLANG_WARN_EMPTY_BODY = YES;
				CLANG_WARN_ENUM_CONVERSION = YES;
				CLANG_WARN_INFINITE_RECURSION = YES;
				CLANG_WARN_INT_CONVERSION = YES;
				CLANG_WARN_NON_LITERAL_NULL_CONVERSION = YES;
				CLANG_WARN_OBJC_IMPLICIT_RETAIN_SELF = YES;
				CLANG_WARN_OBJC_LITERAL_CONVERSION = YES;
				CLANG_WARN_OBJC_ROOT_CLASS = YES_ERROR;
				CLANG_WARN_QUOTED_INCLUDE_IN_FRAMEWORK_HEADER = YES;
				CLANG_WARN_RANGE_LOOP_ANALYSIS = YES;
				CLANG_WARN_STRICT_PROTOTYPES = YES;
				CLANG_WARN_SUSPICIOUS_MOVE = YES;
				CLANG_WARN_UNGUARDED_AVAILABILITY = YES_AGGRESSIVE;
				CLANG_WARN_UNREACHABLE_CODE = YES;
				CLANG_WARN__DUPLICATE_METHOD_MATCH = YES;
				COPY_PHASE_STRIP = NO;
				DEBUG_INFORMATION_FORMAT = "dwarf-with-dsym";
				ENABLE_NS_ASSERTIONS = NO;
				ENABLE_STRICT_OBJC_MSGSEND = YES;
				GCC_C_LANGUAGE_STANDARD = gnu11;
				GCC_NO_COMMON_BLOCKS = YES;
				GCC_WARN_64_TO_32_BIT_CONVERSION = YES;
				GCC_WARN_ABOUT_RETURN_TYPE = YES_ERROR;
				GCC_WARN_UNDECLARED_SELECTOR = YES;
				GCC_WARN_UNINITIALIZED_AUTOS = YES_AGGRESSIVE;
				GCC_WARN_UNUSED_FUNCTION = YES;
				GCC_WARN_UNUSED_VARIABLE = YES;
				IPHONEOS_DEPLOYMENT_TARGET = 14.4;
				MTL_ENABLE_DEBUG_INFO = NO;
				MTL_FAST_MATH = YES;
				SDKROOT = iphoneos;
				SWIFT_COMPILATION_MODE = wholemodule;
				SWIFT_OPTIMIZATION_LEVEL = "-O";
				VALIDATE_PRODUCT = YES;
			};
			name = Release;
		};
		CE0B6C2A26BBC92300165651 /* Debug */ = {
			isa = XCBuildConfiguration;
			buildSettings = {
				ASSETCATALOG_COMPILER_APPICON_NAME = AppIcon;
				ASSETCATALOG_COMPILER_GLOBAL_ACCENT_COLOR_NAME = AccentColor;
				CODE_SIGN_STYLE = Automatic;
				DEVELOPMENT_TEAM = 7SRE842CL9;
				INFOPLIST_FILE = FastlaneTemplate/Info.plist;
				LD_RUNPATH_SEARCH_PATHS = (
					"$(inherited)",
					"@executable_path/Frameworks",
				);
				PRODUCT_BUNDLE_IDENTIFIER = uk.co.codeexceptional.FastlaneTemplate;
				PRODUCT_NAME = "$(TARGET_NAME)";
				SWIFT_VERSION = 5.0;
				TARGETED_DEVICE_FAMILY = "1,2";
			};
			name = Debug;
		};
		CE0B6C2B26BBC92300165651 /* Release */ = {
			isa = XCBuildConfiguration;
			buildSettings = {
				ASSETCATALOG_COMPILER_APPICON_NAME = AppIcon;
				ASSETCATALOG_COMPILER_GLOBAL_ACCENT_COLOR_NAME = AccentColor;
				CODE_SIGN_STYLE = Automatic;
				DEVELOPMENT_TEAM = 7SRE842CL9;
				INFOPLIST_FILE = FastlaneTemplate/Info.plist;
				LD_RUNPATH_SEARCH_PATHS = (
					"$(inherited)",
					"@executable_path/Frameworks",
				);
				PRODUCT_BUNDLE_IDENTIFIER = uk.co.codeexceptional.FastlaneTemplate;
				PRODUCT_NAME = "$(TARGET_NAME)";
				SWIFT_VERSION = 5.0;
				TARGETED_DEVICE_FAMILY = "1,2";
			};
			name = Release;
		};
		CE0B6C2D26BBC92300165651 /* Debug */ = {
			isa = XCBuildConfiguration;
			buildSettings = {
				ALWAYS_EMBED_SWIFT_STANDARD_LIBRARIES = YES;
				BUNDLE_LOADER = "$(TEST_HOST)";
				CODE_SIGN_STYLE = Automatic;
				DEVELOPMENT_TEAM = 7SRE842CL9;
				INFOPLIST_FILE = FastlaneTemplateTests/Info.plist;
				IPHONEOS_DEPLOYMENT_TARGET = 14.4;
				LD_RUNPATH_SEARCH_PATHS = (
					"$(inherited)",
					"@executable_path/Frameworks",
					"@loader_path/Frameworks",
				);
				PRODUCT_BUNDLE_IDENTIFIER = uk.co.codeexceptional.FastlaneTemplateTests;
				PRODUCT_NAME = "$(TARGET_NAME)";
				SWIFT_VERSION = 5.0;
				TARGETED_DEVICE_FAMILY = "1,2";
				TEST_HOST = "$(BUILT_PRODUCTS_DIR)/FastlaneTemplate.app/FastlaneTemplate";
			};
			name = Debug;
		};
		CE0B6C2E26BBC92300165651 /* Release */ = {
			isa = XCBuildConfiguration;
			buildSettings = {
				ALWAYS_EMBED_SWIFT_STANDARD_LIBRARIES = YES;
				BUNDLE_LOADER = "$(TEST_HOST)";
				CODE_SIGN_STYLE = Automatic;
				DEVELOPMENT_TEAM = 7SRE842CL9;
				INFOPLIST_FILE = FastlaneTemplateTests/Info.plist;
				IPHONEOS_DEPLOYMENT_TARGET = 14.4;
				LD_RUNPATH_SEARCH_PATHS = (
					"$(inherited)",
					"@executable_path/Frameworks",
					"@loader_path/Frameworks",
				);
				PRODUCT_BUNDLE_IDENTIFIER = uk.co.codeexceptional.FastlaneTemplateTests;
				PRODUCT_NAME = "$(TARGET_NAME)";
				SWIFT_VERSION = 5.0;
				TARGETED_DEVICE_FAMILY = "1,2";
				TEST_HOST = "$(BUILT_PRODUCTS_DIR)/FastlaneTemplate.app/FastlaneTemplate";
			};
			name = Release;
		};
		CE0B6C3026BBC92300165651 /* Debug */ = {
			isa = XCBuildConfiguration;
			buildSettings = {
				ALWAYS_EMBED_SWIFT_STANDARD_LIBRARIES = YES;
				CODE_SIGN_STYLE = Automatic;
				DEVELOPMENT_TEAM = 7SRE842CL9;
				INFOPLIST_FILE = FastlaneTemplateUITests/Info.plist;
				LD_RUNPATH_SEARCH_PATHS = (
					"$(inherited)",
					"@executable_path/Frameworks",
					"@loader_path/Frameworks",
				);
				PRODUCT_BUNDLE_IDENTIFIER = uk.co.codeexceptional.FastlaneTemplateUITests;
				PRODUCT_NAME = "$(TARGET_NAME)";
				SWIFT_VERSION = 5.0;
				TARGETED_DEVICE_FAMILY = "1,2";
				TEST_TARGET_NAME = FastlaneTemplate;
			};
			name = Debug;
		};
		CE0B6C3126BBC92300165651 /* Release */ = {
			isa = XCBuildConfiguration;
			buildSettings = {
				ALWAYS_EMBED_SWIFT_STANDARD_LIBRARIES = YES;
				CODE_SIGN_STYLE = Automatic;
				DEVELOPMENT_TEAM = 7SRE842CL9;
				INFOPLIST_FILE = FastlaneTemplateUITests/Info.plist;
				LD_RUNPATH_SEARCH_PATHS = (
					"$(inherited)",
					"@executable_path/Frameworks",
					"@loader_path/Frameworks",
				);
				PRODUCT_BUNDLE_IDENTIFIER = uk.co.codeexceptional.FastlaneTemplateUITests;
				PRODUCT_NAME = "$(TARGET_NAME)";
				SWIFT_VERSION = 5.0;
				TARGETED_DEVICE_FAMILY = "1,2";
				TEST_TARGET_NAME = FastlaneTemplate;
			};
			name = Release;
		};
/* End XCBuildConfiguration section */

/* Begin XCConfigurationList section */
		CE0B6BF726BBC92100165651 /* Build configuration list for PBXProject "FastlaneTemplate" */ = {
			isa = XCConfigurationList;
			buildConfigurations = (
				CE0B6C2726BBC92300165651 /* Debug */,
				CE0B6C2826BBC92300165651 /* Release */,
			);
			defaultConfigurationIsVisible = 0;
			defaultConfigurationName = Release;
		};
		CE0B6C2926BBC92300165651 /* Build configuration list for PBXNativeTarget "FastlaneTemplate" */ = {
			isa = XCConfigurationList;
			buildConfigurations = (
				CE0B6C2A26BBC92300165651 /* Debug */,
				CE0B6C2B26BBC92300165651 /* Release */,
			);
			defaultConfigurationIsVisible = 0;
			defaultConfigurationName = Release;
		};
		CE0B6C2C26BBC92300165651 /* Build configuration list for PBXNativeTarget "FastlaneTemplateTests" */ = {
			isa = XCConfigurationList;
			buildConfigurations = (
				CE0B6C2D26BBC92300165651 /* Debug */,
				CE0B6C2E26BBC92300165651 /* Release */,
			);
			defaultConfigurationIsVisible = 0;
			defaultConfigurationName = Release;
		};
		CE0B6C2F26BBC92300165651 /* Build configuration list for PBXNativeTarget "FastlaneTemplateUITests" */ = {
			isa = XCConfigurationList;
			buildConfigurations = (
				CE0B6C3026BBC92300165651 /* Debug */,
				CE0B6C3126BBC92300165651 /* Release */,
			);
			defaultConfigurationIsVisible = 0;
			defaultConfigurationName = Release;
		};
/* End XCConfigurationList section */

/* Begin XCVersionGroup section */
		CE0B6C0826BBC92100165651 /* FastlaneTemplate.xcdatamodeld */ = {
			isa = XCVersionGroup;
			children = (
				CE0B6C0926BBC92100165651 /* FastlaneTemplate.xcdatamodel */,
			);
			currentVersion = CE0B6C0926BBC92100165651 /* FastlaneTemplate.xcdatamodel */;
			path = FastlaneTemplate.xcdatamodeld;
			sourceTree = "<group>";
			versionGroupType = wrapper.xcdatamodel;
		};
/* End XCVersionGroup section */
	};
	rootObject = CE0B6BF426BBC92100165651 /* Project object */;
}
